// !$*UTF8*$!
{
	archiveVersion = 1;
	classes = {
	};
	objectVersion = 50;
	objects = {

/* Begin PBXBuildFile section */
		FA375C352511E69E009B0E65 /* AppDelegate.swift in Sources */ = {isa = PBXBuildFile; fileRef = FA375C342511E69E009B0E65 /* AppDelegate.swift */; };
		FA375C372511E69E009B0E65 /* ViewController.swift in Sources */ = {isa = PBXBuildFile; fileRef = FA375C362511E69E009B0E65 /* ViewController.swift */; };
		FA375C3A2511E69E009B0E65 /* Main.storyboard in Resources */ = {isa = PBXBuildFile; fileRef = FA375C382511E69E009B0E65 /* Main.storyboard */; };
		FA375C3D2511E69E009B0E65 /* BottomNavBar.xcdatamodeld in Sources */ = {isa = PBXBuildFile; fileRef = FA375C3B2511E69E009B0E65 /* BottomNavBar.xcdatamodeld */; };
		FA375C3F2511E69F009B0E65 /* Assets.xcassets in Resources */ = {isa = PBXBuildFile; fileRef = FA375C3E2511E69F009B0E65 /* Assets.xcassets */; };
		FA375C422511E69F009B0E65 /* LaunchScreen.storyboard in Resources */ = {isa = PBXBuildFile; fileRef = FA375C402511E69F009B0E65 /* LaunchScreen.storyboard */; };
		FA375C4D2511E69F009B0E65 /* BottomNavBarTests.swift in Sources */ = {isa = PBXBuildFile; fileRef = FA375C4C2511E69F009B0E65 /* BottomNavBarTests.swift */; };
		FA375C582511E69F009B0E65 /* BottomNavBarUITests.swift in Sources */ = {isa = PBXBuildFile; fileRef = FA375C572511E69F009B0E65 /* BottomNavBarUITests.swift */; };
/* End PBXBuildFile section */

/* Begin PBXContainerItemProxy section */
		FA375C492511E69F009B0E65 /* PBXContainerItemProxy */ = {
			isa = PBXContainerItemProxy;
			containerPortal = FA375C292511E69E009B0E65 /* Project object */;
			proxyType = 1;
			remoteGlobalIDString = FA375C302511E69E009B0E65;
			remoteInfo = BottomNavBar;
		};
		FA375C542511E69F009B0E65 /* PBXContainerItemProxy */ = {
			isa = PBXContainerItemProxy;
			containerPortal = FA375C292511E69E009B0E65 /* Project object */;
			proxyType = 1;
			remoteGlobalIDString = FA375C302511E69E009B0E65;
			remoteInfo = BottomNavBar;
		};
/* End PBXContainerItemProxy section */

/* Begin PBXFileReference section */
		FA375C312511E69E009B0E65 /* BottomNavBar.app */ = {isa = PBXFileReference; explicitFileType = wrapper.application; includeInIndex = 0; path = BottomNavBar.app; sourceTree = BUILT_PRODUCTS_DIR; };
		FA375C342511E69E009B0E65 /* AppDelegate.swift */ = {isa = PBXFileReference; lastKnownFileType = sourcecode.swift; path = AppDelegate.swift; sourceTree = "<group>"; };
		FA375C362511E69E009B0E65 /* ViewController.swift */ = {isa = PBXFileReference; lastKnownFileType = sourcecode.swift; path = ViewController.swift; sourceTree = "<group>"; };
		FA375C392511E69E009B0E65 /* Base */ = {isa = PBXFileReference; lastKnownFileType = file.storyboard; name = Base; path = Base.lproj/Main.storyboard; sourceTree = "<group>"; };
		FA375C3C2511E69E009B0E65 /* BottomNavBar.xcdatamodel */ = {isa = PBXFileReference; lastKnownFileType = wrapper.xcdatamodel; path = BottomNavBar.xcdatamodel; sourceTree = "<group>"; };
		FA375C3E2511E69F009B0E65 /* Assets.xcassets */ = {isa = PBXFileReference; lastKnownFileType = folder.assetcatalog; path = Assets.xcassets; sourceTree = "<group>"; };
		FA375C412511E69F009B0E65 /* Base */ = {isa = PBXFileReference; lastKnownFileType = file.storyboard; name = Base; path = Base.lproj/LaunchScreen.storyboard; sourceTree = "<group>"; };
		FA375C432511E69F009B0E65 /* Info.plist */ = {isa = PBXFileReference; lastKnownFileType = text.plist.xml; path = Info.plist; sourceTree = "<group>"; };
		FA375C482511E69F009B0E65 /* BottomNavBarTests.xctest */ = {isa = PBXFileReference; explicitFileType = wrapper.cfbundle; includeInIndex = 0; path = BottomNavBarTests.xctest; sourceTree = BUILT_PRODUCTS_DIR; };
		FA375C4C2511E69F009B0E65 /* BottomNavBarTests.swift */ = {isa = PBXFileReference; lastKnownFileType = sourcecode.swift; path = BottomNavBarTests.swift; sourceTree = "<group>"; };
		FA375C4E2511E69F009B0E65 /* Info.plist */ = {isa = PBXFileReference; lastKnownFileType = text.plist.xml; path = Info.plist; sourceTree = "<group>"; };
		FA375C532511E69F009B0E65 /* BottomNavBarUITests.xctest */ = {isa = PBXFileReference; explicitFileType = wrapper.cfbundle; includeInIndex = 0; path = BottomNavBarUITests.xctest; sourceTree = BUILT_PRODUCTS_DIR; };
		FA375C572511E69F009B0E65 /* BottomNavBarUITests.swift */ = {isa = PBXFileReference; lastKnownFileType = sourcecode.swift; path = BottomNavBarUITests.swift; sourceTree = "<group>"; };
		FA375C592511E69F009B0E65 /* Info.plist */ = {isa = PBXFileReference; lastKnownFileType = text.plist.xml; path = Info.plist; sourceTree = "<group>"; };
/* End PBXFileReference section */

/* Begin PBXFrameworksBuildPhase section */
		FA375C2E2511E69E009B0E65 /* Frameworks */ = {
			isa = PBXFrameworksBuildPhase;
			buildActionMask = 2147483647;
			files = (
			);
			runOnlyForDeploymentPostprocessing = 0;
		};
		FA375C452511E69F009B0E65 /* Frameworks */ = {
			isa = PBXFrameworksBuildPhase;
			buildActionMask = 2147483647;
			files = (
			);
			runOnlyForDeploymentPostprocessing = 0;
		};
		FA375C502511E69F009B0E65 /* Frameworks */ = {
			isa = PBXFrameworksBuildPhase;
			buildActionMask = 2147483647;
			files = (
			);
			runOnlyForDeploymentPostprocessing = 0;
		};
/* End PBXFrameworksBuildPhase section */

/* Begin PBXGroup section */
		FA375C282511E69E009B0E65 = {
			isa = PBXGroup;
			children = (
				FA375C332511E69E009B0E65 /* BottomNavBar */,
				FA375C4B2511E69F009B0E65 /* BottomNavBarTests */,
				FA375C562511E69F009B0E65 /* BottomNavBarUITests */,
				FA375C322511E69E009B0E65 /* Products */,
			);
			sourceTree = "<group>";
		};
		FA375C322511E69E009B0E65 /* Products */ = {
			isa = PBXGroup;
			children = (
				FA375C312511E69E009B0E65 /* BottomNavBar.app */,
				FA375C482511E69F009B0E65 /* BottomNavBarTests.xctest */,
				FA375C532511E69F009B0E65 /* BottomNavBarUITests.xctest */,
			);
			name = Products;
			sourceTree = "<group>";
		};
		FA375C332511E69E009B0E65 /* BottomNavBar */ = {
			isa = PBXGroup;
			children = (
				FA375C342511E69E009B0E65 /* AppDelegate.swift */,
				FA375C362511E69E009B0E65 /* ViewController.swift */,
				FA375C382511E69E009B0E65 /* Main.storyboard */,
				FA375C3E2511E69F009B0E65 /* Assets.xcassets */,
				FA375C402511E69F009B0E65 /* LaunchScreen.storyboard */,
				FA375C432511E69F009B0E65 /* Info.plist */,
				FA375C3B2511E69E009B0E65 /* BottomNavBar.xcdatamodeld */,
			);
			path = BottomNavBar;
			sourceTree = "<group>";
		};
		FA375C4B2511E69F009B0E65 /* BottomNavBarTests */ = {
			isa = PBXGroup;
			children = (
				FA375C4C2511E69F009B0E65 /* BottomNavBarTests.swift */,
				FA375C4E2511E69F009B0E65 /* Info.plist */,
			);
			path = BottomNavBarTests;
			sourceTree = "<group>";
		};
		FA375C562511E69F009B0E65 /* BottomNavBarUITests */ = {
			isa = PBXGroup;
			children = (
				FA375C572511E69F009B0E65 /* BottomNavBarUITests.swift */,
				FA375C592511E69F009B0E65 /* Info.plist */,
			);
			path = BottomNavBarUITests;
			sourceTree = "<group>";
		};
/* End PBXGroup section */

/* Begin PBXNativeTarget section */
		FA375C302511E69E009B0E65 /* BottomNavBar */ = {
			isa = PBXNativeTarget;
			buildConfigurationList = FA375C5C2511E6A0009B0E65 /* Build configuration list for PBXNativeTarget "BottomNavBar" */;
			buildPhases = (
				FA375C2D2511E69E009B0E65 /* Sources */,
				FA375C2E2511E69E009B0E65 /* Frameworks */,
				FA375C2F2511E69E009B0E65 /* Resources */,
			);
			buildRules = (
			);
			dependencies = (
			);
			name = BottomNavBar;
			productName = BottomNavBar;
			productReference = FA375C312511E69E009B0E65 /* BottomNavBar.app */;
			productType = "com.apple.product-type.application";
		};
		FA375C472511E69F009B0E65 /* BottomNavBarTests */ = {
			isa = PBXNativeTarget;
			buildConfigurationList = FA375C5F2511E6A0009B0E65 /* Build configuration list for PBXNativeTarget "BottomNavBarTests" */;
			buildPhases = (
				FA375C442511E69F009B0E65 /* Sources */,
				FA375C452511E69F009B0E65 /* Frameworks */,
				FA375C462511E69F009B0E65 /* Resources */,
			);
			buildRules = (
			);
			dependencies = (
				FA375C4A2511E69F009B0E65 /* PBXTargetDependency */,
			);
			name = BottomNavBarTests;
			productName = BottomNavBarTests;
			productReference = FA375C482511E69F009B0E65 /* BottomNavBarTests.xctest */;
			productType = "com.apple.product-type.bundle.unit-test";
		};
		FA375C522511E69F009B0E65 /* BottomNavBarUITests */ = {
			isa = PBXNativeTarget;
			buildConfigurationList = FA375C622511E6A0009B0E65 /* Build configuration list for PBXNativeTarget "BottomNavBarUITests" */;
			buildPhases = (
				FA375C4F2511E69F009B0E65 /* Sources */,
				FA375C502511E69F009B0E65 /* Frameworks */,
				FA375C512511E69F009B0E65 /* Resources */,
			);
			buildRules = (
			);
			dependencies = (
				FA375C552511E69F009B0E65 /* PBXTargetDependency */,
			);
			name = BottomNavBarUITests;
			productName = BottomNavBarUITests;
			productReference = FA375C532511E69F009B0E65 /* BottomNavBarUITests.xctest */;
			productType = "com.apple.product-type.bundle.ui-testing";
		};
/* End PBXNativeTarget section */

/* Begin PBXProject section */
		FA375C292511E69E009B0E65 /* Project object */ = {
			isa = PBXProject;
			attributes = {
				LastSwiftUpdateCheck = 1030;
				LastUpgradeCheck = 1030;
				ORGANIZATIONNAME = macbook;
				TargetAttributes = {
					FA375C302511E69E009B0E65 = {
						CreatedOnToolsVersion = 10.3;
					};
					FA375C472511E69F009B0E65 = {
						CreatedOnToolsVersion = 10.3;
						TestTargetID = FA375C302511E69E009B0E65;
					};
					FA375C522511E69F009B0E65 = {
						CreatedOnToolsVersion = 10.3;
						TestTargetID = FA375C302511E69E009B0E65;
					};
				};
			};
			buildConfigurationList = FA375C2C2511E69E009B0E65 /* Build configuration list for PBXProject "BottomNavBar" */;
			compatibilityVersion = "Xcode 9.3";
			developmentRegion = en;
			hasScannedForEncodings = 0;
			knownRegions = (
				en,
				Base,
			);
			mainGroup = FA375C282511E69E009B0E65;
			productRefGroup = FA375C322511E69E009B0E65 /* Products */;
			projectDirPath = "";
			projectRoot = "";
			targets = (
				FA375C302511E69E009B0E65 /* BottomNavBar */,
				FA375C472511E69F009B0E65 /* BottomNavBarTests */,
				FA375C522511E69F009B0E65 /* BottomNavBarUITests */,
			);
		};
/* End PBXProject section */

/* Begin PBXResourcesBuildPhase section */
		FA375C2F2511E69E009B0E65 /* Resources */ = {
			isa = PBXResourcesBuildPhase;
			buildActionMask = 2147483647;
			files = (
				FA375C422511E69F009B0E65 /* LaunchScreen.storyboard in Resources */,
				FA375C3F2511E69F009B0E65 /* Assets.xcassets in Resources */,
				FA375C3A2511E69E009B0E65 /* Main.storyboard in Resources */,
			);
			runOnlyForDeploymentPostprocessing = 0;
		};
		FA375C462511E69F009B0E65 /* Resources */ = {
			isa = PBXResourcesBuildPhase;
			buildActionMask = 2147483647;
			files = (
			);
			runOnlyForDeploymentPostprocessing = 0;
		};
		FA375C512511E69F009B0E65 /* Resources */ = {
			isa = PBXResourcesBuildPhase;
			buildActionMask = 2147483647;
			files = (
			);
			runOnlyForDeploymentPostprocessing = 0;
		};
/* End PBXResourcesBuildPhase section */

/* Begin PBXSourcesBuildPhase section */
		FA375C2D2511E69E009B0E65 /* Sources */ = {
			isa = PBXSourcesBuildPhase;
			buildActionMask = 2147483647;
			files = (
				FA375C372511E69E009B0E65 /* ViewController.swift in Sources */,
				FA375C352511E69E009B0E65 /* AppDelegate.swift in Sources */,
				FA375C3D2511E69E009B0E65 /* BottomNavBar.xcdatamodeld in Sources */,
			);
			runOnlyForDeploymentPostprocessing = 0;
		};
		FA375C442511E69F009B0E65 /* Sources */ = {
			isa = PBXSourcesBuildPhase;
			buildActionMask = 2147483647;
			files = (
				FA375C4D2511E69F009B0E65 /* BottomNavBarTests.swift in Sources */,
			);
			runOnlyForDeploymentPostprocessing = 0;
		};
		FA375C4F2511E69F009B0E65 /* Sources */ = {
			isa = PBXSourcesBuildPhase;
			buildActionMask = 2147483647;
			files = (
				FA375C582511E69F009B0E65 /* BottomNavBarUITests.swift in Sources */,
			);
			runOnlyForDeploymentPostprocessing = 0;
		};
/* End PBXSourcesBuildPhase section */

/* Begin PBXTargetDependency section */
		FA375C4A2511E69F009B0E65 /* PBXTargetDependency */ = {
			isa = PBXTargetDependency;
			target = FA375C302511E69E009B0E65 /* BottomNavBar */;
			targetProxy = FA375C492511E69F009B0E65 /* PBXContainerItemProxy */;
		};
		FA375C552511E69F009B0E65 /* PBXTargetDependency */ = {
			isa = PBXTargetDependency;
			target = FA375C302511E69E009B0E65 /* BottomNavBar */;
			targetProxy = FA375C542511E69F009B0E65 /* PBXContainerItemProxy */;
		};
/* End PBXTargetDependency section */

/* Begin PBXVariantGroup section */
		FA375C382511E69E009B0E65 /* Main.storyboard */ = {
			isa = PBXVariantGroup;
			children = (
				FA375C392511E69E009B0E65 /* Base */,
			);
			name = Main.storyboard;
			sourceTree = "<group>";
		};
		FA375C402511E69F009B0E65 /* LaunchScreen.storyboard */ = {
			isa = PBXVariantGroup;
			children = (
				FA375C412511E69F009B0E65 /* Base */,
			);
			name = LaunchScreen.storyboard;
			sourceTree = "<group>";
		};
/* End PBXVariantGroup section */

/* Begin XCBuildConfiguration section */
		FA375C5A2511E6A0009B0E65 /* Debug */ = {
			isa = XCBuildConfiguration;
			buildSettings = {
				ALWAYS_SEARCH_USER_PATHS = NO;
				CLANG_ANALYZER_NONNULL = YES;
				CLANG_ANALYZER_NUMBER_OBJECT_CONVERSION = YES_AGGRESSIVE;
				CLANG_CXX_LANGUAGE_STANDARD = "gnu++14";
				CLANG_CXX_LIBRARY = "libc++";
				CLANG_ENABLE_MODULES = YES;
				CLANG_ENABLE_OBJC_ARC = YES;
				CLANG_ENABLE_OBJC_WEAK = YES;
				CLANG_WARN_BLOCK_CAPTURE_AUTORELEASING = YES;
				CLANG_WARN_BOOL_CONVERSION = YES;
				CLANG_WARN_COMMA = YES;
				CLANG_WARN_CONSTANT_CONVERSION = YES;
				CLANG_WARN_DEPRECATED_OBJC_IMPLEMENTATIONS = YES;
				CLANG_WARN_DIRECT_OBJC_ISA_USAGE = YES_ERROR;
				CLANG_WARN_DOCUMENTATION_COMMENTS = YES;
				CLANG_WARN_EMPTY_BODY = YES;
				CLANG_WARN_ENUM_CONVERSION = YES;
				CLANG_WARN_INFINITE_RECURSION = YES;
				CLANG_WARN_INT_CONVERSION = YES;
				CLANG_WARN_NON_LITERAL_NULL_CONVERSION = YES;
				CLANG_WARN_OBJC_IMPLICIT_RETAIN_SELF = YES;
				CLANG_WARN_OBJC_LITERAL_CONVERSION = YES;
				CLANG_WARN_OBJC_ROOT_CLASS = YES_ERROR;
				CLANG_WARN_RANGE_LOOP_ANALYSIS = YES;
				CLANG_WARN_STRICT_PROTOTYPES = YES;
				CLANG_WARN_SUSPICIOUS_MOVE = YES;
				CLANG_WARN_UNGUARDED_AVAILABILITY = YES_AGGRESSIVE;
				CLANG_WARN_UNREACHABLE_CODE = YES;
				CLANG_WARN__DUPLICATE_METHOD_MATCH = YES;
				CODE_SIGN_IDENTITY = "iPhone Developer";
				COPY_PHASE_STRIP = NO;
				DEBUG_INFORMATION_FORMAT = dwarf;
				ENABLE_STRICT_OBJC_MSGSEND = YES;
				ENABLE_TESTABILITY = YES;
				GCC_C_LANGUAGE_STANDARD = gnu11;
				GCC_DYNAMIC_NO_PIC = NO;
				GCC_NO_COMMON_BLOCKS = YES;
				GCC_OPTIMIZATION_LEVEL = 0;
				GCC_PREPROCESSOR_DEFINITIONS = (
					"DEBUG=1",
					"$(inherited)",
				);
				GCC_WARN_64_TO_32_BIT_CONVERSION = YES;
				GCC_WARN_ABOUT_RETURN_TYPE = YES_ERROR;
				GCC_WARN_UNDECLARED_SELECTOR = YES;
				GCC_WARN_UNINITIALIZED_AUTOS = YES_AGGRESSIVE;
				GCC_WARN_UNUSED_FUNCTION = YES;
				GCC_WARN_UNUSED_VARIABLE = YES;
				IPHONEOS_DEPLOYMENT_TARGET = 12.4;
				MTL_ENABLE_DEBUG_INFO = INCLUDE_SOURCE;
				MTL_FAST_MATH = YES;
				ONLY_ACTIVE_ARCH = YES;
				SDKROOT = iphoneos;
				SWIFT_ACTIVE_COMPILATION_CONDITIONS = DEBUG;
				SWIFT_OPTIMIZATION_LEVEL = "-Onone";
			};
			name = Debug;
		};
		FA375C5B2511E6A0009B0E65 /* Release */ = {
			isa = XCBuildConfiguration;
			buildSettings = {
				ALWAYS_SEARCH_USER_PATHS = NO;
				CLANG_ANALYZER_NONNULL = YES;
				CLANG_ANALYZER_NUMBER_OBJECT_CONVERSION = YES_AGGRESSIVE;
				CLANG_CXX_LANGUAGE_STANDARD = "gnu++14";
				CLANG_CXX_LIBRARY = "libc++";
				CLANG_ENABLE_MODULES = YES;
				CLANG_ENABLE_OBJC_ARC = YES;
				CLANG_ENABLE_OBJC_WEAK = YES;
				CLANG_WARN_BLOCK_CAPTURE_AUTORELEASING = YES;
				CLANG_WARN_BOOL_CONVERSION = YES;
				CLANG_WARN_COMMA = YES;
				CLANG_WARN_CONSTANT_CONVERSION = YES;
				CLANG_WARN_DEPRECATED_OBJC_IMPLEMENTATIONS = YES;
				CLANG_WARN_DIRECT_OBJC_ISA_USAGE = YES_ERROR;
				CLANG_WARN_DOCUMENTATION_COMMENTS = YES;
				CLANG_WARN_EMPTY_BODY = YES;
				CLANG_WARN_ENUM_CONVERSION = YES;
				CLANG_WARN_INFINITE_RECURSION = YES;
				CLANG_WARN_INT_CONVERSION = YES;
				CLANG_WARN_NON_LITERAL_NULL_CONVERSION = YES;
				CLANG_WARN_OBJC_IMPLICIT_RETAIN_SELF = YES;
				CLANG_WARN_OBJC_LITERAL_CONVERSION = YES;
				CLANG_WARN_OBJC_ROOT_CLASS = YES_ERROR;
				CLANG_WARN_RANGE_LOOP_ANALYSIS = YES;
				CLANG_WARN_STRICT_PROTOTYPES = YES;
				CLANG_WARN_SUSPICIOUS_MOVE = YES;
				CLANG_WARN_UNGUARDED_AVAILABILITY = YES_AGGRESSIVE;
				CLANG_WARN_UNREACHABLE_CODE = YES;
				CLANG_WARN__DUPLICATE_METHOD_MATCH = YES;
				CODE_SIGN_IDENTITY = "iPhone Developer";
				COPY_PHASE_STRIP = NO;
				DEBUG_INFORMATION_FORMAT = "dwarf-with-dsym";
				ENABLE_NS_ASSERTIONS = NO;
				ENABLE_STRICT_OBJC_MSGSEND = YES;
				GCC_C_LANGUAGE_STANDARD = gnu11;
				GCC_NO_COMMON_BLOCKS = YES;
				GCC_WARN_64_TO_32_BIT_CONVERSION = YES;
				GCC_WARN_ABOUT_RETURN_TYPE = YES_ERROR;
				GCC_WARN_UNDECLARED_SELECTOR = YES;
				GCC_WARN_UNINITIALIZED_AUTOS = YES_AGGRESSIVE;
				GCC_WARN_UNUSED_FUNCTION = YES;
				GCC_WARN_UNUSED_VARIABLE = YES;
				IPHONEOS_DEPLOYMENT_TARGET = 12.4;
				MTL_ENABLE_DEBUG_INFO = NO;
				MTL_FAST_MATH = YES;
				SDKROOT = iphoneos;
				SWIFT_COMPILATION_MODE = wholemodule;
				SWIFT_OPTIMIZATION_LEVEL = "-O";
				VALIDATE_PRODUCT = YES;
			};
			name = Release;
		};
		FA375C5D2511E6A0009B0E65 /* Debug */ = {
			isa = XCBuildConfiguration;
			buildSettings = {
				ASSETCATALOG_COMPILER_APPICON_NAME = AppIcon;
				CODE_SIGN_STYLE = Automatic;
				INFOPLIST_FILE = BottomNavBar/Info.plist;
				LD_RUNPATH_SEARCH_PATHS = (
					"$(inherited)",
					"@executable_path/Frameworks",
				);
				PRODUCT_BUNDLE_IDENTIFIER = com.Farhan.BottomNavBar;
				PRODUCT_NAME = "$(TARGET_NAME)";
				SWIFT_VERSION = 5.0;
				TARGETED_DEVICE_FAMILY = "1,2";
			};
			name = Debug;
		};
		FA375C5E2511E6A0009B0E65 /* Release */ = {
			isa = XCBuildConfiguration;
			buildSettings = {
				ASSETCATALOG_COMPILER_APPICON_NAME = AppIcon;
				CODE_SIGN_STYLE = Automatic;
				INFOPLIST_FILE = BottomNavBar/Info.plist;
				LD_RUNPATH_SEARCH_PATHS = (
					"$(inherited)",
					"@executable_path/Frameworks",
				);
				PRODUCT_BUNDLE_IDENTIFIER = com.Farhan.BottomNavBar;
				PRODUCT_NAME = "$(TARGET_NAME)";
				SWIFT_VERSION = 5.0;
				TARGETED_DEVICE_FAMILY = "1,2";
			};
			name = Release;
		};
		FA375C602511E6A0009B0E65 /* Debug */ = {
			isa = XCBuildConfiguration;
			buildSettings = {
				ALWAYS_EMBED_SWIFT_STANDARD_LIBRARIES = YES;
				BUNDLE_LOADER = "$(TEST_HOST)";
				CODE_SIGN_STYLE = Automatic;
				INFOPLIST_FILE = BottomNavBarTests/Info.plist;
				LD_RUNPATH_SEARCH_PATHS = (
					"$(inherited)",
					"@executable_path/Frameworks",
					"@loader_path/Frameworks",
				);
				PRODUCT_BUNDLE_IDENTIFIER = com.Farhan.BottomNavBarTests;
				PRODUCT_NAME = "$(TARGET_NAME)";
				SWIFT_VERSION = 5.0;
				TARGETED_DEVICE_FAMILY = "1,2";
				TEST_HOST = "$(BUILT_PRODUCTS_DIR)/BottomNavBar.app/BottomNavBar";
			};
			name = Debug;
		};
		FA375C612511E6A0009B0E65 /* Release */ = {
			isa = XCBuildConfiguration;
			buildSettings = {
				ALWAYS_EMBED_SWIFT_STANDARD_LIBRARIES = YES;
				BUNDLE_LOADER = "$(TEST_HOST)";
				CODE_SIGN_STYLE = Automatic;
				INFOPLIST_FILE = BottomNavBarTests/Info.plist;
				LD_RUNPATH_SEARCH_PATHS = (
					"$(inherited)",
					"@executable_path/Frameworks",
					"@loader_path/Frameworks",
				);
				PRODUCT_BUNDLE_IDENTIFIER = com.Farhan.BottomNavBarTests;
				PRODUCT_NAME = "$(TARGET_NAME)";
				SWIFT_VERSION = 5.0;
				TARGETED_DEVICE_FAMILY = "1,2";
				TEST_HOST = "$(BUILT_PRODUCTS_DIR)/BottomNavBar.app/BottomNavBar";
			};
			name = Release;
		};
		FA375C632511E6A0009B0E65 /* Debug */ = {
			isa = XCBuildConfiguration;
			buildSettings = {
				ALWAYS_EMBED_SWIFT_STANDARD_LIBRARIES = YES;
				CODE_SIGN_STYLE = Automatic;
				INFOPLIST_FILE = BottomNavBarUITests/Info.plist;
				LD_RUNPATH_SEARCH_PATHS = (
					"$(inherited)",
					"@executable_path/Frameworks",
					"@loader_path/Frameworks",
				);
				PRODUCT_BUNDLE_IDENTIFIER = com.Farhan.BottomNavBarUITests;
				PRODUCT_NAME = "$(TARGET_NAME)";
				SWIFT_VERSION = 5.0;
				TARGETED_DEVICE_FAMILY = "1,2";
				TEST_TARGET_NAME = BottomNavBar;
			};
			name = Debug;
		};
		FA375C642511E6A0009B0E65 /* Release */ = {
			isa = XCBuildConfiguration;
			buildSettings = {
				ALWAYS_EMBED_SWIFT_STANDARD_LIBRARIES = YES;
				CODE_SIGN_STYLE = Automatic;
				INFOPLIST_FILE = BottomNavBarUITests/Info.plist;
				LD_RUNPATH_SEARCH_PATHS = (
					"$(inherited)",
					"@executable_path/Frameworks",
					"@loader_path/Frameworks",
				);
				PRODUCT_BUNDLE_IDENTIFIER = com.Farhan.BottomNavBarUITests;
				PRODUCT_NAME = "$(TARGET_NAME)";
				SWIFT_VERSION = 5.0;
				TARGETED_DEVICE_FAMILY = "1,2";
				TEST_TARGET_NAME = BottomNavBar;
			};
			name = Release;
		};
/* End XCBuildConfiguration section */

/* Begin XCConfigurationList section */
		FA375C2C2511E69E009B0E65 /* Build configuration list for PBXProject "BottomNavBar" */ = {
			isa = XCConfigurationList;
			buildConfigurations = (
				FA375C5A2511E6A0009B0E65 /* Debug */,
				FA375C5B2511E6A0009B0E65 /* Release */,
			);
			defaultConfigurationIsVisible = 0;
			defaultConfigurationName = Release;
		};
		FA375C5C2511E6A0009B0E65 /* Build configuration list for PBXNativeTarget "BottomNavBar" */ = {
			isa = XCConfigurationList;
			buildConfigurations = (
				FA375C5D2511E6A0009B0E65 /* Debug */,
				FA375C5E2511E6A0009B0E65 /* Release */,
			);
			defaultConfigurationIsVisible = 0;
			defaultConfigurationName = Release;
		};
		FA375C5F2511E6A0009B0E65 /* Build configuration list for PBXNativeTarget "BottomNavBarTests" */ = {
			isa = XCConfigurationList;
			buildConfigurations = (
				FA375C602511E6A0009B0E65 /* Debug */,
				FA375C612511E6A0009B0E65 /* Release */,
			);
			defaultConfigurationIsVisible = 0;
			defaultConfigurationName = Release;
		};
		FA375C622511E6A0009B0E65 /* Build configuration list for PBXNativeTarget "BottomNavBarUITests" */ = {
			isa = XCConfigurationList;
			buildConfigurations = (
				FA375C632511E6A0009B0E65 /* Debug */,
				FA375C642511E6A0009B0E65 /* Release */,
			);
			defaultConfigurationIsVisible = 0;
			defaultConfigurationName = Release;
		};
/* End XCConfigurationList section */

/* Begin XCVersionGroup section */
		FA375C3B2511E69E009B0E65 /* BottomNavBar.xcdatamodeld */ = {
			isa = XCVersionGroup;
			children = (
				FA375C3C2511E69E009B0E65 /* BottomNavBar.xcdatamodel */,
			);
			currentVersion = FA375C3C2511E69E009B0E65 /* BottomNavBar.xcdatamodel */;
			path = BottomNavBar.xcdatamodeld;
			sourceTree = "<group>";
			versionGroupType = wrapper.xcdatamodel;
		};
/* End XCVersionGroup section */
	};
	rootObject = FA375C292511E69E009B0E65 /* Project object */;
}
