// !$*UTF8*$!
{
	archiveVersion = 1;
	classes = {
	};
	objectVersion = 50;
	objects = {

/* Begin PBXBuildFile section */
		5847C76643D2081226EB4340 /* Pods_BottomNavBarTests.framework in Frameworks */ = {isa = PBXBuildFile; fileRef = BD8FC988748C01E64F9241C6 /* Pods_BottomNavBarTests.framework */; };
		B7571AB596E63D180CCA93E9 /* Pods_BottomNavBar.framework in Frameworks */ = {isa = PBXBuildFile; fileRef = C45E55050A6B5A2F41972874 /* Pods_BottomNavBar.framework */; };
		CE77772BE493F39B98CBEC0B /* Pods_BottomNavBarUITests.framework in Frameworks */ = {isa = PBXBuildFile; fileRef = FC7E324F056FD1BEA0203F9F /* Pods_BottomNavBarUITests.framework */; };
		FA375C352511E69E009B0E65 /* AppDelegate.swift in Sources */ = {isa = PBXBuildFile; fileRef = FA375C342511E69E009B0E65 /* AppDelegate.swift */; };
		FA375C372511E69E009B0E65 /* ViewController.swift in Sources */ = {isa = PBXBuildFile; fileRef = FA375C362511E69E009B0E65 /* ViewController.swift */; };
		FA375C3A2511E69E009B0E65 /* Main.storyboard in Resources */ = {isa = PBXBuildFile; fileRef = FA375C382511E69E009B0E65 /* Main.storyboard */; };
		FA375C3D2511E69E009B0E65 /* BottomNavBar.xcdatamodeld in Sources */ = {isa = PBXBuildFile; fileRef = FA375C3B2511E69E009B0E65 /* BottomNavBar.xcdatamodeld */; };
		FA375C3F2511E69F009B0E65 /* Assets.xcassets in Resources */ = {isa = PBXBuildFile; fileRef = FA375C3E2511E69F009B0E65 /* Assets.xcassets */; };
		FA375C422511E69F009B0E65 /* LaunchScreen.storyboard in Resources */ = {isa = PBXBuildFile; fileRef = FA375C402511E69F009B0E65 /* LaunchScreen.storyboard */; };
		FA375C4D2511E69F009B0E65 /* BottomNavBarTests.swift in Sources */ = {isa = PBXBuildFile; fileRef = FA375C4C2511E69F009B0E65 /* BottomNavBarTests.swift */; };
		FA375C582511E69F009B0E65 /* BottomNavBarUITests.swift in Sources */ = {isa = PBXBuildFile; fileRef = FA375C572511E69F009B0E65 /* BottomNavBarUITests.swift */; };
		FA800D552518BD2A0030AC00 /* Category.swift in Sources */ = {isa = PBXBuildFile; fileRef = FA800D4E2518BD2A0030AC00 /* Category.swift */; };
		FA800D562518BD2A0030AC00 /* HomeResponse.swift in Sources */ = {isa = PBXBuildFile; fileRef = FA800D4F2518BD2A0030AC00 /* HomeResponse.swift */; };
		FA800D572518BD2A0030AC00 /* Sections.swift in Sources */ = {isa = PBXBuildFile; fileRef = FA800D502518BD2A0030AC00 /* Sections.swift */; };
		FA800D582518BD2A0030AC00 /* Daily_deals.swift in Sources */ = {isa = PBXBuildFile; fileRef = FA800D512518BD2A0030AC00 /* Daily_deals.swift */; };
		FA800D592518BD2A0030AC00 /* Subcategory.swift in Sources */ = {isa = PBXBuildFile; fileRef = FA800D522518BD2A0030AC00 /* Subcategory.swift */; };
		FA800D5A2518BD2A0030AC00 /* Banner.swift in Sources */ = {isa = PBXBuildFile; fileRef = FA800D532518BD2A0030AC00 /* Banner.swift */; };
		FA800D5B2518BD2A0030AC00 /* Items.swift in Sources */ = {isa = PBXBuildFile; fileRef = FA800D542518BD2A0030AC00 /* Items.swift */; };
		FA800D5D2518BD3A0030AC00 /* Constants.swift in Sources */ = {isa = PBXBuildFile; fileRef = FA800D5C2518BD3A0030AC00 /* Constants.swift */; };
		FA800D5F2518BD430030AC00 /* HomeResponseApi.swift in Sources */ = {isa = PBXBuildFile; fileRef = FA800D5E2518BD430030AC00 /* HomeResponseApi.swift */; };
		FA800D642518BD580030AC00 /* IphoneCell.swift in Sources */ = {isa = PBXBuildFile; fileRef = FA800D602518BD580030AC00 /* IphoneCell.swift */; };
		FA800D652518BD580030AC00 /* BestDealsCell.swift in Sources */ = {isa = PBXBuildFile; fileRef = FA800D612518BD580030AC00 /* BestDealsCell.swift */; };
		FA800D662518BD580030AC00 /* BannerCell.swift in Sources */ = {isa = PBXBuildFile; fileRef = FA800D622518BD580030AC00 /* BannerCell.swift */; };
		FA800D672518BD580030AC00 /* CategoryCell.swift in Sources */ = {isa = PBXBuildFile; fileRef = FA800D632518BD580030AC00 /* CategoryCell.swift */; };
		FA800D692518E3600030AC00 /* SecondBannerCell.swift in Sources */ = {isa = PBXBuildFile; fileRef = FA800D682518E3600030AC00 /* SecondBannerCell.swift */; };
		FA800D6B2518E8F10030AC00 /* BrandsCell.swift in Sources */ = {isa = PBXBuildFile; fileRef = FA800D6A2518E8F10030AC00 /* BrandsCell.swift */; };
		FA800D6D2518F8C10030AC00 /* BoxingCell.swift in Sources */ = {isa = PBXBuildFile; fileRef = FA800D6C2518F8C10030AC00 /* BoxingCell.swift */; };
		FAACD17C2519CD0B003C9EE0 /* SearchVC.swift in Sources */ = {isa = PBXBuildFile; fileRef = FAACD17B2519CD0B003C9EE0 /* SearchVC.swift */; };
		FAACD17E2519D54D003C9EE0 /* SearchCell.swift in Sources */ = {isa = PBXBuildFile; fileRef = FAACD17D2519D54D003C9EE0 /* SearchCell.swift */; };
/* End PBXBuildFile section */

/* Begin PBXContainerItemProxy section */
		FA375C492511E69F009B0E65 /* PBXContainerItemProxy */ = {
			isa = PBXContainerItemProxy;
			containerPortal = FA375C292511E69E009B0E65 /* Project object */;
			proxyType = 1;
			remoteGlobalIDString = FA375C302511E69E009B0E65;
			remoteInfo = BottomNavBar;
		};
		FA375C542511E69F009B0E65 /* PBXContainerItemProxy */ = {
			isa = PBXContainerItemProxy;
			containerPortal = FA375C292511E69E009B0E65 /* Project object */;
			proxyType = 1;
			remoteGlobalIDString = FA375C302511E69E009B0E65;
			remoteInfo = BottomNavBar;
		};
/* End PBXContainerItemProxy section */

/* Begin PBXFileReference section */
		005CA2E8283BB4F6AC4A1C3B /* Pods-BottomNavBar.debug.xcconfig */ = {isa = PBXFileReference; includeInIndex = 1; lastKnownFileType = text.xcconfig; name = "Pods-BottomNavBar.debug.xcconfig"; path = "Pods/Target Support Files/Pods-BottomNavBar/Pods-BottomNavBar.debug.xcconfig"; sourceTree = "<group>"; };
		049718F7973EA95FFF4822FA /* Pods-BottomNavBarUITests.release.xcconfig */ = {isa = PBXFileReference; includeInIndex = 1; lastKnownFileType = text.xcconfig; name = "Pods-BottomNavBarUITests.release.xcconfig"; path = "Pods/Target Support Files/Pods-BottomNavBarUITests/Pods-BottomNavBarUITests.release.xcconfig"; sourceTree = "<group>"; };
		83240EAAAB3332A38ABE49DB /* Pods-BottomNavBarUITests.debug.xcconfig */ = {isa = PBXFileReference; includeInIndex = 1; lastKnownFileType = text.xcconfig; name = "Pods-BottomNavBarUITests.debug.xcconfig"; path = "Pods/Target Support Files/Pods-BottomNavBarUITests/Pods-BottomNavBarUITests.debug.xcconfig"; sourceTree = "<group>"; };
		8AD1203E28A618EDDC482A2C /* Pods-BottomNavBarTests.release.xcconfig */ = {isa = PBXFileReference; includeInIndex = 1; lastKnownFileType = text.xcconfig; name = "Pods-BottomNavBarTests.release.xcconfig"; path = "Pods/Target Support Files/Pods-BottomNavBarTests/Pods-BottomNavBarTests.release.xcconfig"; sourceTree = "<group>"; };
		BD8FC988748C01E64F9241C6 /* Pods_BottomNavBarTests.framework */ = {isa = PBXFileReference; explicitFileType = wrapper.framework; includeInIndex = 0; path = Pods_BottomNavBarTests.framework; sourceTree = BUILT_PRODUCTS_DIR; };
		C45E55050A6B5A2F41972874 /* Pods_BottomNavBar.framework */ = {isa = PBXFileReference; explicitFileType = wrapper.framework; includeInIndex = 0; path = Pods_BottomNavBar.framework; sourceTree = BUILT_PRODUCTS_DIR; };
		D31032BC6799E28F37DB23EA /* Pods-BottomNavBar.release.xcconfig */ = {isa = PBXFileReference; includeInIndex = 1; lastKnownFileType = text.xcconfig; name = "Pods-BottomNavBar.release.xcconfig"; path = "Pods/Target Support Files/Pods-BottomNavBar/Pods-BottomNavBar.release.xcconfig"; sourceTree = "<group>"; };
		DBFF7BC86E0C6ABFFFD1DC42 /* Pods-BottomNavBarTests.debug.xcconfig */ = {isa = PBXFileReference; includeInIndex = 1; lastKnownFileType = text.xcconfig; name = "Pods-BottomNavBarTests.debug.xcconfig"; path = "Pods/Target Support Files/Pods-BottomNavBarTests/Pods-BottomNavBarTests.debug.xcconfig"; sourceTree = "<group>"; };
		FA375C312511E69E009B0E65 /* BottomNavBar.app */ = {isa = PBXFileReference; explicitFileType = wrapper.application; includeInIndex = 0; path = BottomNavBar.app; sourceTree = BUILT_PRODUCTS_DIR; };
		FA375C342511E69E009B0E65 /* AppDelegate.swift */ = {isa = PBXFileReference; lastKnownFileType = sourcecode.swift; path = AppDelegate.swift; sourceTree = "<group>"; };
		FA375C362511E69E009B0E65 /* ViewController.swift */ = {isa = PBXFileReference; lastKnownFileType = sourcecode.swift; path = ViewController.swift; sourceTree = "<group>"; };
		FA375C392511E69E009B0E65 /* Base */ = {isa = PBXFileReference; lastKnownFileType = file.storyboard; name = Base; path = Base.lproj/Main.storyboard; sourceTree = "<group>"; };
		FA375C3C2511E69E009B0E65 /* BottomNavBar.xcdatamodel */ = {isa = PBXFileReference; lastKnownFileType = wrapper.xcdatamodel; path = BottomNavBar.xcdatamodel; sourceTree = "<group>"; };
		FA375C3E2511E69F009B0E65 /* Assets.xcassets */ = {isa = PBXFileReference; lastKnownFileType = folder.assetcatalog; path = Assets.xcassets; sourceTree = "<group>"; };
		FA375C412511E69F009B0E65 /* Base */ = {isa = PBXFileReference; lastKnownFileType = file.storyboard; name = Base; path = Base.lproj/LaunchScreen.storyboard; sourceTree = "<group>"; };
		FA375C432511E69F009B0E65 /* Info.plist */ = {isa = PBXFileReference; lastKnownFileType = text.plist.xml; path = Info.plist; sourceTree = "<group>"; };
		FA375C482511E69F009B0E65 /* BottomNavBarTests.xctest */ = {isa = PBXFileReference; explicitFileType = wrapper.cfbundle; includeInIndex = 0; path = BottomNavBarTests.xctest; sourceTree = BUILT_PRODUCTS_DIR; };
		FA375C4C2511E69F009B0E65 /* BottomNavBarTests.swift */ = {isa = PBXFileReference; lastKnownFileType = sourcecode.swift; path = BottomNavBarTests.swift; sourceTree = "<group>"; };
		FA375C4E2511E69F009B0E65 /* Info.plist */ = {isa = PBXFileReference; lastKnownFileType = text.plist.xml; path = Info.plist; sourceTree = "<group>"; };
		FA375C532511E69F009B0E65 /* BottomNavBarUITests.xctest */ = {isa = PBXFileReference; explicitFileType = wrapper.cfbundle; includeInIndex = 0; path = BottomNavBarUITests.xctest; sourceTree = BUILT_PRODUCTS_DIR; };
		FA375C572511E69F009B0E65 /* BottomNavBarUITests.swift */ = {isa = PBXFileReference; lastKnownFileType = sourcecode.swift; path = BottomNavBarUITests.swift; sourceTree = "<group>"; };
		FA375C592511E69F009B0E65 /* Info.plist */ = {isa = PBXFileReference; lastKnownFileType = text.plist.xml; path = Info.plist; sourceTree = "<group>"; };
		FA800D4E2518BD2A0030AC00 /* Category.swift */ = {isa = PBXFileReference; fileEncoding = 4; lastKnownFileType = sourcecode.swift; path = Category.swift; sourceTree = "<group>"; };
		FA800D4F2518BD2A0030AC00 /* HomeResponse.swift */ = {isa = PBXFileReference; fileEncoding = 4; lastKnownFileType = sourcecode.swift; path = HomeResponse.swift; sourceTree = "<group>"; };
		FA800D502518BD2A0030AC00 /* Sections.swift */ = {isa = PBXFileReference; fileEncoding = 4; lastKnownFileType = sourcecode.swift; path = Sections.swift; sourceTree = "<group>"; };
		FA800D512518BD2A0030AC00 /* Daily_deals.swift */ = {isa = PBXFileReference; fileEncoding = 4; lastKnownFileType = sourcecode.swift; path = Daily_deals.swift; sourceTree = "<group>"; };
		FA800D522518BD2A0030AC00 /* Subcategory.swift */ = {isa = PBXFileReference; fileEncoding = 4; lastKnownFileType = sourcecode.swift; path = Subcategory.swift; sourceTree = "<group>"; };
		FA800D532518BD2A0030AC00 /* Banner.swift */ = {isa = PBXFileReference; fileEncoding = 4; lastKnownFileType = sourcecode.swift; path = Banner.swift; sourceTree = "<group>"; };
		FA800D542518BD2A0030AC00 /* Items.swift */ = {isa = PBXFileReference; fileEncoding = 4; lastKnownFileType = sourcecode.swift; path = Items.swift; sourceTree = "<group>"; };
		FA800D5C2518BD3A0030AC00 /* Constants.swift */ = {isa = PBXFileReference; fileEncoding = 4; lastKnownFileType = sourcecode.swift; path = Constants.swift; sourceTree = "<group>"; };
		FA800D5E2518BD430030AC00 /* HomeResponseApi.swift */ = {isa = PBXFileReference; fileEncoding = 4; lastKnownFileType = sourcecode.swift; path = HomeResponseApi.swift; sourceTree = "<group>"; };
		FA800D602518BD580030AC00 /* IphoneCell.swift */ = {isa = PBXFileReference; fileEncoding = 4; lastKnownFileType = sourcecode.swift; path = IphoneCell.swift; sourceTree = "<group>"; };
		FA800D612518BD580030AC00 /* BestDealsCell.swift */ = {isa = PBXFileReference; fileEncoding = 4; lastKnownFileType = sourcecode.swift; path = BestDealsCell.swift; sourceTree = "<group>"; };
		FA800D622518BD580030AC00 /* BannerCell.swift */ = {isa = PBXFileReference; fileEncoding = 4; lastKnownFileType = sourcecode.swift; path = BannerCell.swift; sourceTree = "<group>"; };
		FA800D632518BD580030AC00 /* CategoryCell.swift */ = {isa = PBXFileReference; fileEncoding = 4; lastKnownFileType = sourcecode.swift; path = CategoryCell.swift; sourceTree = "<group>"; };
		FA800D682518E3600030AC00 /* SecondBannerCell.swift */ = {isa = PBXFileReference; lastKnownFileType = sourcecode.swift; path = SecondBannerCell.swift; sourceTree = "<group>"; };
		FA800D6A2518E8F10030AC00 /* BrandsCell.swift */ = {isa = PBXFileReference; lastKnownFileType = sourcecode.swift; path = BrandsCell.swift; sourceTree = "<group>"; };
		FA800D6C2518F8C10030AC00 /* BoxingCell.swift */ = {isa = PBXFileReference; lastKnownFileType = sourcecode.swift; path = BoxingCell.swift; sourceTree = "<group>"; };
		FAACD17B2519CD0B003C9EE0 /* SearchVC.swift */ = {isa = PBXFileReference; lastKnownFileType = sourcecode.swift; path = SearchVC.swift; sourceTree = "<group>"; };
		FAACD17D2519D54D003C9EE0 /* SearchCell.swift */ = {isa = PBXFileReference; lastKnownFileType = sourcecode.swift; path = SearchCell.swift; sourceTree = "<group>"; };
		FC7E324F056FD1BEA0203F9F /* Pods_BottomNavBarUITests.framework */ = {isa = PBXFileReference; explicitFileType = wrapper.framework; includeInIndex = 0; path = Pods_BottomNavBarUITests.framework; sourceTree = BUILT_PRODUCTS_DIR; };
/* End PBXFileReference section */

/* Begin PBXFrameworksBuildPhase section */
		FA375C2E2511E69E009B0E65 /* Frameworks */ = {
			isa = PBXFrameworksBuildPhase;
			buildActionMask = 2147483647;
			files = (
				B7571AB596E63D180CCA93E9 /* Pods_BottomNavBar.framework in Frameworks */,
			);
			runOnlyForDeploymentPostprocessing = 0;
		};
		FA375C452511E69F009B0E65 /* Frameworks */ = {
			isa = PBXFrameworksBuildPhase;
			buildActionMask = 2147483647;
			files = (
				5847C76643D2081226EB4340 /* Pods_BottomNavBarTests.framework in Frameworks */,
			);
			runOnlyForDeploymentPostprocessing = 0;
		};
		FA375C502511E69F009B0E65 /* Frameworks */ = {
			isa = PBXFrameworksBuildPhase;
			buildActionMask = 2147483647;
			files = (
				CE77772BE493F39B98CBEC0B /* Pods_BottomNavBarUITests.framework in Frameworks */,
			);
			runOnlyForDeploymentPostprocessing = 0;
		};
/* End PBXFrameworksBuildPhase section */

/* Begin PBXGroup section */
		3A089D9F610339C9A05EC55A /* Pods */ = {
			isa = PBXGroup;
			children = (
				005CA2E8283BB4F6AC4A1C3B /* Pods-BottomNavBar.debug.xcconfig */,
				D31032BC6799E28F37DB23EA /* Pods-BottomNavBar.release.xcconfig */,
				DBFF7BC86E0C6ABFFFD1DC42 /* Pods-BottomNavBarTests.debug.xcconfig */,
				8AD1203E28A618EDDC482A2C /* Pods-BottomNavBarTests.release.xcconfig */,
				83240EAAAB3332A38ABE49DB /* Pods-BottomNavBarUITests.debug.xcconfig */,
				049718F7973EA95FFF4822FA /* Pods-BottomNavBarUITests.release.xcconfig */,
			);
			name = Pods;
			sourceTree = "<group>";
		};
		FA375C282511E69E009B0E65 = {
			isa = PBXGroup;
			children = (
				FA375C332511E69E009B0E65 /* BottomNavBar */,
				FA375C4B2511E69F009B0E65 /* BottomNavBarTests */,
				FA375C562511E69F009B0E65 /* BottomNavBarUITests */,
				FA375C322511E69E009B0E65 /* Products */,
				3A089D9F610339C9A05EC55A /* Pods */,
				FC54B4F098F778999E7EF52D /* Frameworks */,
			);
			sourceTree = "<group>";
		};
		FA375C322511E69E009B0E65 /* Products */ = {
			isa = PBXGroup;
			children = (
				FA375C312511E69E009B0E65 /* BottomNavBar.app */,
				FA375C482511E69F009B0E65 /* BottomNavBarTests.xctest */,
				FA375C532511E69F009B0E65 /* BottomNavBarUITests.xctest */,
			);
			name = Products;
			sourceTree = "<group>";
		};
		FA375C332511E69E009B0E65 /* BottomNavBar */ = {
			isa = PBXGroup;
			children = (
				FAACD17A2519CCDC003C9EE0 /* Controller */,
				FA800D4D2518BC100030AC00 /* Services */,
				FA800D4C2518BC010030AC00 /* Constants */,
				FA800D4B2518BBF30030AC00 /* Model */,
				FA800D4A2518BBE10030AC00 /* view */,
				FA375C342511E69E009B0E65 /* AppDelegate.swift */,
				FA375C382511E69E009B0E65 /* Main.storyboard */,
				FA375C3E2511E69F009B0E65 /* Assets.xcassets */,
				FA375C402511E69F009B0E65 /* LaunchScreen.storyboard */,
				FA375C432511E69F009B0E65 /* Info.plist */,
				FA375C3B2511E69E009B0E65 /* BottomNavBar.xcdatamodeld */,
			);
			path = BottomNavBar;
			sourceTree = "<group>";
		};
		FA375C4B2511E69F009B0E65 /* BottomNavBarTests */ = {
			isa = PBXGroup;
			children = (
				FA375C4C2511E69F009B0E65 /* BottomNavBarTests.swift */,
				FA375C4E2511E69F009B0E65 /* Info.plist */,
			);
			path = BottomNavBarTests;
			sourceTree = "<group>";
		};
		FA375C562511E69F009B0E65 /* BottomNavBarUITests */ = {
			isa = PBXGroup;
			children = (
				FA375C572511E69F009B0E65 /* BottomNavBarUITests.swift */,
				FA375C592511E69F009B0E65 /* Info.plist */,
			);
			path = BottomNavBarUITests;
			sourceTree = "<group>";
		};
		FA800D4A2518BBE10030AC00 /* view */ = {
			isa = PBXGroup;
			children = (
				FA800D622518BD580030AC00 /* BannerCell.swift */,
				FA800D612518BD580030AC00 /* BestDealsCell.swift */,
				FA800D632518BD580030AC00 /* CategoryCell.swift */,
				FA800D602518BD580030AC00 /* IphoneCell.swift */,
				FA800D682518E3600030AC00 /* SecondBannerCell.swift */,
				FA800D6A2518E8F10030AC00 /* BrandsCell.swift */,
				FA800D6C2518F8C10030AC00 /* BoxingCell.swift */,
				FAACD17D2519D54D003C9EE0 /* SearchCell.swift */,
			);
			path = view;
			sourceTree = "<group>";
		};
		FA800D4B2518BBF30030AC00 /* Model */ = {
			isa = PBXGroup;
			children = (
				FA800D532518BD2A0030AC00 /* Banner.swift */,
				FA800D4E2518BD2A0030AC00 /* Category.swift */,
				FA800D512518BD2A0030AC00 /* Daily_deals.swift */,
				FA800D4F2518BD2A0030AC00 /* HomeResponse.swift */,
				FA800D542518BD2A0030AC00 /* Items.swift */,
				FA800D502518BD2A0030AC00 /* Sections.swift */,
				FA800D522518BD2A0030AC00 /* Subcategory.swift */,
			);
			path = Model;
			sourceTree = "<group>";
		};
		FA800D4C2518BC010030AC00 /* Constants */ = {
			isa = PBXGroup;
			children = (
				FA800D5C2518BD3A0030AC00 /* Constants.swift */,
			);
			path = Constants;
			sourceTree = "<group>";
		};
		FA800D4D2518BC100030AC00 /* Services */ = {
			isa = PBXGroup;
			children = (
				FA800D5E2518BD430030AC00 /* HomeResponseApi.swift */,
			);
			path = Services;
			sourceTree = "<group>";
		};
		FAACD17A2519CCDC003C9EE0 /* Controller */ = {
			isa = PBXGroup;
			children = (
				FA375C362511E69E009B0E65 /* ViewController.swift */,
				FAACD17B2519CD0B003C9EE0 /* SearchVC.swift */,
			);
			path = Controller;
			sourceTree = "<group>";
		};
		FC54B4F098F778999E7EF52D /* Frameworks */ = {
			isa = PBXGroup;
			children = (
				C45E55050A6B5A2F41972874 /* Pods_BottomNavBar.framework */,
				BD8FC988748C01E64F9241C6 /* Pods_BottomNavBarTests.framework */,
				FC7E324F056FD1BEA0203F9F /* Pods_BottomNavBarUITests.framework */,
			);
			name = Frameworks;
			sourceTree = "<group>";
		};
/* End PBXGroup section */

/* Begin PBXNativeTarget section */
		FA375C302511E69E009B0E65 /* BottomNavBar */ = {
			isa = PBXNativeTarget;
			buildConfigurationList = FA375C5C2511E6A0009B0E65 /* Build configuration list for PBXNativeTarget "BottomNavBar" */;
			buildPhases = (
				6177BF74CA4592D2F76089CF /* [CP] Check Pods Manifest.lock */,
				FA375C2D2511E69E009B0E65 /* Sources */,
				FA375C2E2511E69E009B0E65 /* Frameworks */,
				FA375C2F2511E69E009B0E65 /* Resources */,
				76A2964B57F42F43B5D3EF72 /* [CP] Embed Pods Frameworks */,
			);
			buildRules = (
			);
			dependencies = (
			);
			name = BottomNavBar;
			productName = BottomNavBar;
			productReference = FA375C312511E69E009B0E65 /* BottomNavBar.app */;
			productType = "com.apple.product-type.application";
		};
		FA375C472511E69F009B0E65 /* BottomNavBarTests */ = {
			isa = PBXNativeTarget;
			buildConfigurationList = FA375C5F2511E6A0009B0E65 /* Build configuration list for PBXNativeTarget "BottomNavBarTests" */;
			buildPhases = (
				906E522D9E117D1EE25534B8 /* [CP] Check Pods Manifest.lock */,
				FA375C442511E69F009B0E65 /* Sources */,
				FA375C452511E69F009B0E65 /* Frameworks */,
				FA375C462511E69F009B0E65 /* Resources */,
			);
			buildRules = (
			);
			dependencies = (
				FA375C4A2511E69F009B0E65 /* PBXTargetDependency */,
			);
			name = BottomNavBarTests;
			productName = BottomNavBarTests;
			productReference = FA375C482511E69F009B0E65 /* BottomNavBarTests.xctest */;
			productType = "com.apple.product-type.bundle.unit-test";
		};
		FA375C522511E69F009B0E65 /* BottomNavBarUITests */ = {
			isa = PBXNativeTarget;
			buildConfigurationList = FA375C622511E6A0009B0E65 /* Build configuration list for PBXNativeTarget "BottomNavBarUITests" */;
			buildPhases = (
				1CF2FB711BD8F1D7525CC5AC /* [CP] Check Pods Manifest.lock */,
				FA375C4F2511E69F009B0E65 /* Sources */,
				FA375C502511E69F009B0E65 /* Frameworks */,
				FA375C512511E69F009B0E65 /* Resources */,
			);
			buildRules = (
			);
			dependencies = (
				FA375C552511E69F009B0E65 /* PBXTargetDependency */,
			);
			name = BottomNavBarUITests;
			productName = BottomNavBarUITests;
			productReference = FA375C532511E69F009B0E65 /* BottomNavBarUITests.xctest */;
			productType = "com.apple.product-type.bundle.ui-testing";
		};
/* End PBXNativeTarget section */

/* Begin PBXProject section */
		FA375C292511E69E009B0E65 /* Project object */ = {
			isa = PBXProject;
			attributes = {
				LastSwiftUpdateCheck = 1030;
				LastUpgradeCheck = 1030;
				ORGANIZATIONNAME = macbook;
				TargetAttributes = {
					FA375C302511E69E009B0E65 = {
						CreatedOnToolsVersion = 10.3;
					};
					FA375C472511E69F009B0E65 = {
						CreatedOnToolsVersion = 10.3;
						TestTargetID = FA375C302511E69E009B0E65;
					};
					FA375C522511E69F009B0E65 = {
						CreatedOnToolsVersion = 10.3;
						TestTargetID = FA375C302511E69E009B0E65;
					};
				};
			};
			buildConfigurationList = FA375C2C2511E69E009B0E65 /* Build configuration list for PBXProject "BottomNavBar" */;
			compatibilityVersion = "Xcode 9.3";
			developmentRegion = en;
			hasScannedForEncodings = 0;
			knownRegions = (
				en,
				Base,
			);
			mainGroup = FA375C282511E69E009B0E65;
			productRefGroup = FA375C322511E69E009B0E65 /* Products */;
			projectDirPath = "";
			projectRoot = "";
			targets = (
				FA375C302511E69E009B0E65 /* BottomNavBar */,
				FA375C472511E69F009B0E65 /* BottomNavBarTests */,
				FA375C522511E69F009B0E65 /* BottomNavBarUITests */,
			);
		};
/* End PBXProject section */

/* Begin PBXResourcesBuildPhase section */
		FA375C2F2511E69E009B0E65 /* Resources */ = {
			isa = PBXResourcesBuildPhase;
			buildActionMask = 2147483647;
			files = (
				FA375C422511E69F009B0E65 /* LaunchScreen.storyboard in Resources */,
				FA375C3F2511E69F009B0E65 /* Assets.xcassets in Resources */,
				FA375C3A2511E69E009B0E65 /* Main.storyboard in Resources */,
			);
			runOnlyForDeploymentPostprocessing = 0;
		};
		FA375C462511E69F009B0E65 /* Resources */ = {
			isa = PBXResourcesBuildPhase;
			buildActionMask = 2147483647;
			files = (
			);
			runOnlyForDeploymentPostprocessing = 0;
		};
		FA375C512511E69F009B0E65 /* Resources */ = {
			isa = PBXResourcesBuildPhase;
			buildActionMask = 2147483647;
			files = (
			);
			runOnlyForDeploymentPostprocessing = 0;
		};
/* End PBXResourcesBuildPhase section */

/* Begin PBXShellScriptBuildPhase section */
		1CF2FB711BD8F1D7525CC5AC /* [CP] Check Pods Manifest.lock */ = {
			isa = PBXShellScriptBuildPhase;
			buildActionMask = 2147483647;
			files = (
			);
			inputPaths = (
				"${PODS_PODFILE_DIR_PATH}/Podfile.lock",
				"${PODS_ROOT}/Manifest.lock",
			);
			name = "[CP] Check Pods Manifest.lock";
			outputPaths = (
				"$(DERIVED_FILE_DIR)/Pods-BottomNavBarUITests-checkManifestLockResult.txt",
			);
			runOnlyForDeploymentPostprocessing = 0;
			shellPath = /bin/sh;
			shellScript = "diff \"${PODS_PODFILE_DIR_PATH}/Podfile.lock\" \"${PODS_ROOT}/Manifest.lock\" > /dev/null\nif [ $? != 0 ] ; then\n    # print error to STDERR\n    echo \"error: The sandbox is not in sync with the Podfile.lock. Run 'pod install' or update your CocoaPods installation.\" >&2\n    exit 1\nfi\n# This output is used by Xcode 'outputs' to avoid re-running this script phase.\necho \"SUCCESS\" > \"${SCRIPT_OUTPUT_FILE_0}\"\n";
			showEnvVarsInLog = 0;
		};
		6177BF74CA4592D2F76089CF /* [CP] Check Pods Manifest.lock */ = {
			isa = PBXShellScriptBuildPhase;
			buildActionMask = 2147483647;
			files = (
			);
			inputPaths = (
				"${PODS_PODFILE_DIR_PATH}/Podfile.lock",
				"${PODS_ROOT}/Manifest.lock",
			);
			name = "[CP] Check Pods Manifest.lock";
			outputPaths = (
				"$(DERIVED_FILE_DIR)/Pods-BottomNavBar-checkManifestLockResult.txt",
			);
			runOnlyForDeploymentPostprocessing = 0;
			shellPath = /bin/sh;
			shellScript = "diff \"${PODS_PODFILE_DIR_PATH}/Podfile.lock\" \"${PODS_ROOT}/Manifest.lock\" > /dev/null\nif [ $? != 0 ] ; then\n    # print error to STDERR\n    echo \"error: The sandbox is not in sync with the Podfile.lock. Run 'pod install' or update your CocoaPods installation.\" >&2\n    exit 1\nfi\n# This output is used by Xcode 'outputs' to avoid re-running this script phase.\necho \"SUCCESS\" > \"${SCRIPT_OUTPUT_FILE_0}\"\n";
			showEnvVarsInLog = 0;
		};
		76A2964B57F42F43B5D3EF72 /* [CP] Embed Pods Frameworks */ = {
			isa = PBXShellScriptBuildPhase;
			buildActionMask = 2147483647;
			files = (
			);
			inputPaths = (
				"${SRCROOT}/Pods/Target Support Files/Pods-BottomNavBar/Pods-BottomNavBar-frameworks.sh",
				"${BUILT_PRODUCTS_DIR}/Alamofire/Alamofire.framework",
				"${BUILT_PRODUCTS_DIR}/Kingfisher/Kingfisher.framework",
				"${BUILT_PRODUCTS_DIR}/SwiftyJSON/SwiftyJSON.framework",
			);
			name = "[CP] Embed Pods Frameworks";
			outputPaths = (
				"${TARGET_BUILD_DIR}/${FRAMEWORKS_FOLDER_PATH}/Alamofire.framework",
				"${TARGET_BUILD_DIR}/${FRAMEWORKS_FOLDER_PATH}/Kingfisher.framework",
				"${TARGET_BUILD_DIR}/${FRAMEWORKS_FOLDER_PATH}/SwiftyJSON.framework",
			);
			runOnlyForDeploymentPostprocessing = 0;
			shellPath = /bin/sh;
			shellScript = "\"${SRCROOT}/Pods/Target Support Files/Pods-BottomNavBar/Pods-BottomNavBar-frameworks.sh\"\n";
			showEnvVarsInLog = 0;
		};
		906E522D9E117D1EE25534B8 /* [CP] Check Pods Manifest.lock */ = {
			isa = PBXShellScriptBuildPhase;
			buildActionMask = 2147483647;
			files = (
			);
			inputPaths = (
				"${PODS_PODFILE_DIR_PATH}/Podfile.lock",
				"${PODS_ROOT}/Manifest.lock",
			);
			name = "[CP] Check Pods Manifest.lock";
			outputPaths = (
				"$(DERIVED_FILE_DIR)/Pods-BottomNavBarTests-checkManifestLockResult.txt",
			);
			runOnlyForDeploymentPostprocessing = 0;
			shellPath = /bin/sh;
			shellScript = "diff \"${PODS_PODFILE_DIR_PATH}/Podfile.lock\" \"${PODS_ROOT}/Manifest.lock\" > /dev/null\nif [ $? != 0 ] ; then\n    # print error to STDERR\n    echo \"error: The sandbox is not in sync with the Podfile.lock. Run 'pod install' or update your CocoaPods installation.\" >&2\n    exit 1\nfi\n# This output is used by Xcode 'outputs' to avoid re-running this script phase.\necho \"SUCCESS\" > \"${SCRIPT_OUTPUT_FILE_0}\"\n";
			showEnvVarsInLog = 0;
		};
/* End PBXShellScriptBuildPhase section */

/* Begin PBXSourcesBuildPhase section */
		FA375C2D2511E69E009B0E65 /* Sources */ = {
			isa = PBXSourcesBuildPhase;
			buildActionMask = 2147483647;
			files = (
				FA375C372511E69E009B0E65 /* ViewController.swift in Sources */,
				FA800D5D2518BD3A0030AC00 /* Constants.swift in Sources */,
				FA800D582518BD2A0030AC00 /* Daily_deals.swift in Sources */,
				FA800D5A2518BD2A0030AC00 /* Banner.swift in Sources */,
				FA800D572518BD2A0030AC00 /* Sections.swift in Sources */,
				FA800D6D2518F8C10030AC00 /* BoxingCell.swift in Sources */,
				FA800D6B2518E8F10030AC00 /* BrandsCell.swift in Sources */,
				FA800D652518BD580030AC00 /* BestDealsCell.swift in Sources */,
				FA800D562518BD2A0030AC00 /* HomeResponse.swift in Sources */,
				FA800D5F2518BD430030AC00 /* HomeResponseApi.swift in Sources */,
				FAACD17E2519D54D003C9EE0 /* SearchCell.swift in Sources */,
				FA800D692518E3600030AC00 /* SecondBannerCell.swift in Sources */,
				FA800D592518BD2A0030AC00 /* Subcategory.swift in Sources */,
				FA800D642518BD580030AC00 /* IphoneCell.swift in Sources */,
				FA800D5B2518BD2A0030AC00 /* Items.swift in Sources */,
				FA800D672518BD580030AC00 /* CategoryCell.swift in Sources */,
				FA800D662518BD580030AC00 /* BannerCell.swift in Sources */,
				FAACD17C2519CD0B003C9EE0 /* SearchVC.swift in Sources */,
				FA375C352511E69E009B0E65 /* AppDelegate.swift in Sources */,
				FA375C3D2511E69E009B0E65 /* BottomNavBar.xcdatamodeld in Sources */,
				FA800D552518BD2A0030AC00 /* Category.swift in Sources */,
			);
			runOnlyForDeploymentPostprocessing = 0;
		};
		FA375C442511E69F009B0E65 /* Sources */ = {
			isa = PBXSourcesBuildPhase;
			buildActionMask = 2147483647;
			files = (
				FA375C4D2511E69F009B0E65 /* BottomNavBarTests.swift in Sources */,
			);
			runOnlyForDeploymentPostprocessing = 0;
		};
		FA375C4F2511E69F009B0E65 /* Sources */ = {
			isa = PBXSourcesBuildPhase;
			buildActionMask = 2147483647;
			files = (
				FA375C582511E69F009B0E65 /* BottomNavBarUITests.swift in Sources */,
			);
			runOnlyForDeploymentPostprocessing = 0;
		};
/* End PBXSourcesBuildPhase section */

/* Begin PBXTargetDependency section */
		FA375C4A2511E69F009B0E65 /* PBXTargetDependency */ = {
			isa = PBXTargetDependency;
			target = FA375C302511E69E009B0E65 /* BottomNavBar */;
			targetProxy = FA375C492511E69F009B0E65 /* PBXContainerItemProxy */;
		};
		FA375C552511E69F009B0E65 /* PBXTargetDependency */ = {
			isa = PBXTargetDependency;
			target = FA375C302511E69E009B0E65 /* BottomNavBar */;
			targetProxy = FA375C542511E69F009B0E65 /* PBXContainerItemProxy */;
		};
/* End PBXTargetDependency section */

/* Begin PBXVariantGroup section */
		FA375C382511E69E009B0E65 /* Main.storyboard */ = {
			isa = PBXVariantGroup;
			children = (
				FA375C392511E69E009B0E65 /* Base */,
			);
			name = Main.storyboard;
			sourceTree = "<group>";
		};
		FA375C402511E69F009B0E65 /* LaunchScreen.storyboard */ = {
			isa = PBXVariantGroup;
			children = (
				FA375C412511E69F009B0E65 /* Base */,
			);
			name = LaunchScreen.storyboard;
			sourceTree = "<group>";
		};
/* End PBXVariantGroup section */

/* Begin XCBuildConfiguration section */
		FA375C5A2511E6A0009B0E65 /* Debug */ = {
			isa = XCBuildConfiguration;
			buildSettings = {
				ALWAYS_SEARCH_USER_PATHS = NO;
				CLANG_ANALYZER_NONNULL = YES;
				CLANG_ANALYZER_NUMBER_OBJECT_CONVERSION = YES_AGGRESSIVE;
				CLANG_CXX_LANGUAGE_STANDARD = "gnu++14";
				CLANG_CXX_LIBRARY = "libc++";
				CLANG_ENABLE_MODULES = YES;
				CLANG_ENABLE_OBJC_ARC = YES;
				CLANG_ENABLE_OBJC_WEAK = YES;
				CLANG_WARN_BLOCK_CAPTURE_AUTORELEASING = YES;
				CLANG_WARN_BOOL_CONVERSION = YES;
				CLANG_WARN_COMMA = YES;
				CLANG_WARN_CONSTANT_CONVERSION = YES;
				CLANG_WARN_DEPRECATED_OBJC_IMPLEMENTATIONS = YES;
				CLANG_WARN_DIRECT_OBJC_ISA_USAGE = YES_ERROR;
				CLANG_WARN_DOCUMENTATION_COMMENTS = YES;
				CLANG_WARN_EMPTY_BODY = YES;
				CLANG_WARN_ENUM_CONVERSION = YES;
				CLANG_WARN_INFINITE_RECURSION = YES;
				CLANG_WARN_INT_CONVERSION = YES;
				CLANG_WARN_NON_LITERAL_NULL_CONVERSION = YES;
				CLANG_WARN_OBJC_IMPLICIT_RETAIN_SELF = YES;
				CLANG_WARN_OBJC_LITERAL_CONVERSION = YES;
				CLANG_WARN_OBJC_ROOT_CLASS = YES_ERROR;
				CLANG_WARN_RANGE_LOOP_ANALYSIS = YES;
				CLANG_WARN_STRICT_PROTOTYPES = YES;
				CLANG_WARN_SUSPICIOUS_MOVE = YES;
				CLANG_WARN_UNGUARDED_AVAILABILITY = YES_AGGRESSIVE;
				CLANG_WARN_UNREACHABLE_CODE = YES;
				CLANG_WARN__DUPLICATE_METHOD_MATCH = YES;
				CODE_SIGN_IDENTITY = "iPhone Developer";
				COPY_PHASE_STRIP = NO;
				DEBUG_INFORMATION_FORMAT = dwarf;
				ENABLE_STRICT_OBJC_MSGSEND = YES;
				ENABLE_TESTABILITY = YES;
				GCC_C_LANGUAGE_STANDARD = gnu11;
				GCC_DYNAMIC_NO_PIC = NO;
				GCC_NO_COMMON_BLOCKS = YES;
				GCC_OPTIMIZATION_LEVEL = 0;
				GCC_PREPROCESSOR_DEFINITIONS = (
					"DEBUG=1",
					"$(inherited)",
				);
				GCC_WARN_64_TO_32_BIT_CONVERSION = YES;
				GCC_WARN_ABOUT_RETURN_TYPE = YES_ERROR;
				GCC_WARN_UNDECLARED_SELECTOR = YES;
				GCC_WARN_UNINITIALIZED_AUTOS = YES_AGGRESSIVE;
				GCC_WARN_UNUSED_FUNCTION = YES;
				GCC_WARN_UNUSED_VARIABLE = YES;
				IPHONEOS_DEPLOYMENT_TARGET = 12.4;
				MTL_ENABLE_DEBUG_INFO = INCLUDE_SOURCE;
				MTL_FAST_MATH = YES;
				ONLY_ACTIVE_ARCH = YES;
				SDKROOT = iphoneos;
				SWIFT_ACTIVE_COMPILATION_CONDITIONS = DEBUG;
				SWIFT_OPTIMIZATION_LEVEL = "-Onone";
			};
			name = Debug;
		};
		FA375C5B2511E6A0009B0E65 /* Release */ = {
			isa = XCBuildConfiguration;
			buildSettings = {
				ALWAYS_SEARCH_USER_PATHS = NO;
				CLANG_ANALYZER_NONNULL = YES;
				CLANG_ANALYZER_NUMBER_OBJECT_CONVERSION = YES_AGGRESSIVE;
				CLANG_CXX_LANGUAGE_STANDARD = "gnu++14";
				CLANG_CXX_LIBRARY = "libc++";
				CLANG_ENABLE_MODULES = YES;
				CLANG_ENABLE_OBJC_ARC = YES;
				CLANG_ENABLE_OBJC_WEAK = YES;
				CLANG_WARN_BLOCK_CAPTURE_AUTORELEASING = YES;
				CLANG_WARN_BOOL_CONVERSION = YES;
				CLANG_WARN_COMMA = YES;
				CLANG_WARN_CONSTANT_CONVERSION = YES;
				CLANG_WARN_DEPRECATED_OBJC_IMPLEMENTATIONS = YES;
				CLANG_WARN_DIRECT_OBJC_ISA_USAGE = YES_ERROR;
				CLANG_WARN_DOCUMENTATION_COMMENTS = YES;
				CLANG_WARN_EMPTY_BODY = YES;
				CLANG_WARN_ENUM_CONVERSION = YES;
				CLANG_WARN_INFINITE_RECURSION = YES;
				CLANG_WARN_INT_CONVERSION = YES;
				CLANG_WARN_NON_LITERAL_NULL_CONVERSION = YES;
				CLANG_WARN_OBJC_IMPLICIT_RETAIN_SELF = YES;
				CLANG_WARN_OBJC_LITERAL_CONVERSION = YES;
				CLANG_WARN_OBJC_ROOT_CLASS = YES_ERROR;
				CLANG_WARN_RANGE_LOOP_ANALYSIS = YES;
				CLANG_WARN_STRICT_PROTOTYPES = YES;
				CLANG_WARN_SUSPICIOUS_MOVE = YES;
				CLANG_WARN_UNGUARDED_AVAILABILITY = YES_AGGRESSIVE;
				CLANG_WARN_UNREACHABLE_CODE = YES;
				CLANG_WARN__DUPLICATE_METHOD_MATCH = YES;
				CODE_SIGN_IDENTITY = "iPhone Developer";
				COPY_PHASE_STRIP = NO;
				DEBUG_INFORMATION_FORMAT = "dwarf-with-dsym";
				ENABLE_NS_ASSERTIONS = NO;
				ENABLE_STRICT_OBJC_MSGSEND = YES;
				GCC_C_LANGUAGE_STANDARD = gnu11;
				GCC_NO_COMMON_BLOCKS = YES;
				GCC_WARN_64_TO_32_BIT_CONVERSION = YES;
				GCC_WARN_ABOUT_RETURN_TYPE = YES_ERROR;
				GCC_WARN_UNDECLARED_SELECTOR = YES;
				GCC_WARN_UNINITIALIZED_AUTOS = YES_AGGRESSIVE;
				GCC_WARN_UNUSED_FUNCTION = YES;
				GCC_WARN_UNUSED_VARIABLE = YES;
				IPHONEOS_DEPLOYMENT_TARGET = 12.4;
				MTL_ENABLE_DEBUG_INFO = NO;
				MTL_FAST_MATH = YES;
				SDKROOT = iphoneos;
				SWIFT_COMPILATION_MODE = wholemodule;
				SWIFT_OPTIMIZATION_LEVEL = "-O";
				VALIDATE_PRODUCT = YES;
			};
			name = Release;
		};
		FA375C5D2511E6A0009B0E65 /* Debug */ = {
			isa = XCBuildConfiguration;
			baseConfigurationReference = 005CA2E8283BB4F6AC4A1C3B /* Pods-BottomNavBar.debug.xcconfig */;
			buildSettings = {
				ASSETCATALOG_COMPILER_APPICON_NAME = AppIcon;
				CODE_SIGN_STYLE = Automatic;
				INFOPLIST_FILE = BottomNavBar/Info.plist;
				LD_RUNPATH_SEARCH_PATHS = (
					"$(inherited)",
					"@executable_path/Frameworks",
				);
				PRODUCT_BUNDLE_IDENTIFIER = com.Farhan.BottomNavBar;
				PRODUCT_NAME = "$(TARGET_NAME)";
				SWIFT_VERSION = 5.0;
				TARGETED_DEVICE_FAMILY = "1,2";
			};
			name = Debug;
		};
		FA375C5E2511E6A0009B0E65 /* Release */ = {
			isa = XCBuildConfiguration;
			baseConfigurationReference = D31032BC6799E28F37DB23EA /* Pods-BottomNavBar.release.xcconfig */;
			buildSettings = {
				ASSETCATALOG_COMPILER_APPICON_NAME = AppIcon;
				CODE_SIGN_STYLE = Automatic;
				INFOPLIST_FILE = BottomNavBar/Info.plist;
				LD_RUNPATH_SEARCH_PATHS = (
					"$(inherited)",
					"@executable_path/Frameworks",
				);
				PRODUCT_BUNDLE_IDENTIFIER = com.Farhan.BottomNavBar;
				PRODUCT_NAME = "$(TARGET_NAME)";
				SWIFT_VERSION = 5.0;
				TARGETED_DEVICE_FAMILY = "1,2";
			};
			name = Release;
		};
		FA375C602511E6A0009B0E65 /* Debug */ = {
			isa = XCBuildConfiguration;
			baseConfigurationReference = DBFF7BC86E0C6ABFFFD1DC42 /* Pods-BottomNavBarTests.debug.xcconfig */;
			buildSettings = {
				ALWAYS_EMBED_SWIFT_STANDARD_LIBRARIES = YES;
				BUNDLE_LOADER = "$(TEST_HOST)";
				CODE_SIGN_STYLE = Automatic;
				INFOPLIST_FILE = BottomNavBarTests/Info.plist;
				LD_RUNPATH_SEARCH_PATHS = (
					"$(inherited)",
					"@executable_path/Frameworks",
					"@loader_path/Frameworks",
				);
				PRODUCT_BUNDLE_IDENTIFIER = com.Farhan.BottomNavBarTests;
				PRODUCT_NAME = "$(TARGET_NAME)";
				SWIFT_VERSION = 5.0;
				TARGETED_DEVICE_FAMILY = "1,2";
				TEST_HOST = "$(BUILT_PRODUCTS_DIR)/BottomNavBar.app/BottomNavBar";
			};
			name = Debug;
		};
		FA375C612511E6A0009B0E65 /* Release */ = {
			isa = XCBuildConfiguration;
			baseConfigurationReference = 8AD1203E28A618EDDC482A2C /* Pods-BottomNavBarTests.release.xcconfig */;
			buildSettings = {
				ALWAYS_EMBED_SWIFT_STANDARD_LIBRARIES = YES;
				BUNDLE_LOADER = "$(TEST_HOST)";
				CODE_SIGN_STYLE = Automatic;
				INFOPLIST_FILE = BottomNavBarTests/Info.plist;
				LD_RUNPATH_SEARCH_PATHS = (
					"$(inherited)",
					"@executable_path/Frameworks",
					"@loader_path/Frameworks",
				);
				PRODUCT_BUNDLE_IDENTIFIER = com.Farhan.BottomNavBarTests;
				PRODUCT_NAME = "$(TARGET_NAME)";
				SWIFT_VERSION = 5.0;
				TARGETED_DEVICE_FAMILY = "1,2";
				TEST_HOST = "$(BUILT_PRODUCTS_DIR)/BottomNavBar.app/BottomNavBar";
			};
			name = Release;
		};
		FA375C632511E6A0009B0E65 /* Debug */ = {
			isa = XCBuildConfiguration;
			baseConfigurationReference = 83240EAAAB3332A38ABE49DB /* Pods-BottomNavBarUITests.debug.xcconfig */;
			buildSettings = {
				ALWAYS_EMBED_SWIFT_STANDARD_LIBRARIES = YES;
				CODE_SIGN_STYLE = Automatic;
				INFOPLIST_FILE = BottomNavBarUITests/Info.plist;
				LD_RUNPATH_SEARCH_PATHS = (
					"$(inherited)",
					"@executable_path/Frameworks",
					"@loader_path/Frameworks",
				);
				PRODUCT_BUNDLE_IDENTIFIER = com.Farhan.BottomNavBarUITests;
				PRODUCT_NAME = "$(TARGET_NAME)";
				SWIFT_VERSION = 5.0;
				TARGETED_DEVICE_FAMILY = "1,2";
				TEST_TARGET_NAME = BottomNavBar;
			};
			name = Debug;
		};
		FA375C642511E6A0009B0E65 /* Release */ = {
			isa = XCBuildConfiguration;
			baseConfigurationReference = 049718F7973EA95FFF4822FA /* Pods-BottomNavBarUITests.release.xcconfig */;
			buildSettings = {
				ALWAYS_EMBED_SWIFT_STANDARD_LIBRARIES = YES;
				CODE_SIGN_STYLE = Automatic;
				INFOPLIST_FILE = BottomNavBarUITests/Info.plist;
				LD_RUNPATH_SEARCH_PATHS = (
					"$(inherited)",
					"@executable_path/Frameworks",
					"@loader_path/Frameworks",
				);
				PRODUCT_BUNDLE_IDENTIFIER = com.Farhan.BottomNavBarUITests;
				PRODUCT_NAME = "$(TARGET_NAME)";
				SWIFT_VERSION = 5.0;
				TARGETED_DEVICE_FAMILY = "1,2";
				TEST_TARGET_NAME = BottomNavBar;
			};
			name = Release;
		};
/* End XCBuildConfiguration section */

/* Begin XCConfigurationList section */
		FA375C2C2511E69E009B0E65 /* Build configuration list for PBXProject "BottomNavBar" */ = {
			isa = XCConfigurationList;
			buildConfigurations = (
				FA375C5A2511E6A0009B0E65 /* Debug */,
				FA375C5B2511E6A0009B0E65 /* Release */,
			);
			defaultConfigurationIsVisible = 0;
			defaultConfigurationName = Release;
		};
		FA375C5C2511E6A0009B0E65 /* Build configuration list for PBXNativeTarget "BottomNavBar" */ = {
			isa = XCConfigurationList;
			buildConfigurations = (
				FA375C5D2511E6A0009B0E65 /* Debug */,
				FA375C5E2511E6A0009B0E65 /* Release */,
			);
			defaultConfigurationIsVisible = 0;
			defaultConfigurationName = Release;
		};
		FA375C5F2511E6A0009B0E65 /* Build configuration list for PBXNativeTarget "BottomNavBarTests" */ = {
			isa = XCConfigurationList;
			buildConfigurations = (
				FA375C602511E6A0009B0E65 /* Debug */,
				FA375C612511E6A0009B0E65 /* Release */,
			);
			defaultConfigurationIsVisible = 0;
			defaultConfigurationName = Release;
		};
		FA375C622511E6A0009B0E65 /* Build configuration list for PBXNativeTarget "BottomNavBarUITests" */ = {
			isa = XCConfigurationList;
			buildConfigurations = (
				FA375C632511E6A0009B0E65 /* Debug */,
				FA375C642511E6A0009B0E65 /* Release */,
			);
			defaultConfigurationIsVisible = 0;
			defaultConfigurationName = Release;
		};
/* End XCConfigurationList section */

/* Begin XCVersionGroup section */
		FA375C3B2511E69E009B0E65 /* BottomNavBar.xcdatamodeld */ = {
			isa = XCVersionGroup;
			children = (
				FA375C3C2511E69E009B0E65 /* BottomNavBar.xcdatamodel */,
			);
			currentVersion = FA375C3C2511E69E009B0E65 /* BottomNavBar.xcdatamodel */;
			path = BottomNavBar.xcdatamodeld;
			sourceTree = "<group>";
			versionGroupType = wrapper.xcdatamodel;
		};
/* End XCVersionGroup section */
	};
	rootObject = FA375C292511E69E009B0E65 /* Project object */;
}
